
Microsoft Visual Studio Solution File, Format Version 12.00
# Visual Studio Version 16
VisualStudioVersion = 16.0.29709.97
MinimumVisualStudioVersion = 10.0.40219.1
Project("{FAE04EC0-301F-11D3-BF4B-00C04F79EFBC}") = "Assignment1Spring2020", "Assignment1Spring2020\Assignment1Spring2020.csproj", "{39C56803-E37C-4FCF-B81A-B9F0B558DBD5}"
EndProject
Global
	GlobalSection(SolutionConfigurationPlatforms) = preSolution
		Debug|Any CPU = Debug|Any CPU
		Release|Any CPU = Release|Any CPU
	EndGlobalSection
	GlobalSection(ProjectConfigurationPlatforms) = postSolution
		{39C56803-E37C-4FCF-B81A-B9F0B558DBD5}.Debug|Any CPU.ActiveCfg = Debug|Any CPU
		{39C56803-E37C-4FCF-B81A-B9F0B558DBD5}.Debug|Any CPU.Build.0 = Debug|Any CPU
		{39C56803-E37C-4FCF-B81A-B9F0B558DBD5}.Release|Any CPU.ActiveCfg = Release|Any CPU
		{39C56803-E37C-4FCF-B81A-B9F0B558DBD5}.Release|Any CPU.Build.0 = Release|Any CPU
	EndGlobalSection
	GlobalSection(SolutionProperties) = preSolution
		HideSolutionNode = FALSE
	EndGlobalSection
	GlobalSection(ExtensibilityGlobals) = postSolution
		SolutionGuid = {FFF913C0-4581-4832-BA59-1F91749564F2}
	EndGlobalSection
EndGlobal
